
Microsoft Visual Studio Solution File, Format Version 12.00
# Visual Studio Version 17
VisualStudioVersion = 17.9.34728.123
MinimumVisualStudioVersion = 10.0.40219.1
Project("{FAE04EC0-301F-11D3-BF4B-00C04F79EFBC}") = "FoodPickerAPI_EF", "FoodPickerAPI_EF\FoodPickerAPI_EF.csproj", "{D019C40B-3594-4055-BEC7-3F1788C205EF}"
EndProject
Project("{FAE04EC0-301F-11D3-BF4B-00C04F79EFBC}") = "FoodPickerDB_Schema", "FoodPicker_DB_Schema\FoodPickerDB_Schema.csproj", "{6A2C88E0-EA60-45DF-9AA2-2E36A3796E8D}"
EndProject
Global
	GlobalSection(SolutionConfigurationPlatforms) = preSolution
		Debug|Any CPU = Debug|Any CPU
		Release|Any CPU = Release|Any CPU
	EndGlobalSection
	GlobalSection(ProjectConfigurationPlatforms) = postSolution
		{D019C40B-3594-4055-BEC7-3F1788C205EF}.Debug|Any CPU.ActiveCfg = Debug|Any CPU
		{D019C40B-3594-4055-BEC7-3F1788C205EF}.Debug|Any CPU.Build.0 = Debug|Any CPU
		{D019C40B-3594-4055-BEC7-3F1788C205EF}.Release|Any CPU.ActiveCfg = Release|Any CPU
		{D019C40B-3594-4055-BEC7-3F1788C205EF}.Release|Any CPU.Build.0 = Release|Any CPU
		{6A2C88E0-EA60-45DF-9AA2-2E36A3796E8D}.Debug|Any CPU.ActiveCfg = Debug|Any CPU
		{6A2C88E0-EA60-45DF-9AA2-2E36A3796E8D}.Debug|Any CPU.Build.0 = Debug|Any CPU
		{6A2C88E0-EA60-45DF-9AA2-2E36A3796E8D}.Release|Any CPU.ActiveCfg = Release|Any CPU
		{6A2C88E0-EA60-45DF-9AA2-2E36A3796E8D}.Release|Any CPU.Build.0 = Release|Any CPU
	EndGlobalSection
	GlobalSection(SolutionProperties) = preSolution
		HideSolutionNode = FALSE
	EndGlobalSection
	GlobalSection(ExtensibilityGlobals) = postSolution
		SolutionGuid = {2D375235-42AF-43D4-9D76-730E9FF14A6D}
	EndGlobalSection
EndGlobal
